
Microsoft Visual Studio Solution File, Format Version 12.00
# Visual Studio Version 17
VisualStudioVersion = 17.2.32616.157
MinimumVisualStudioVersion = 10.0.40219.1
Project("{FAE04EC0-301F-11D3-BF4B-00C04F79EFBC}") = "homeWork 8", "homeWork 8\homeWork 8.csproj", "{535549F4-D5AC-42F6-8363-EB5FE912B211}"
EndProject
Project("{FAE04EC0-301F-11D3-BF4B-00C04F79EFBC}") = "homeWork8.2", "homeWork8.2\homeWork8.2.csproj", "{A217C86F-6A11-4B25-B94F-E85FAA0049B7}"
EndProject
Project("{FAE04EC0-301F-11D3-BF4B-00C04F79EFBC}") = "homeWork3", "homeWork3\homeWork3.csproj", "{1FCB4342-6892-4D39-A2AD-81675B2AEB85}"
EndProject
Project("{FAE04EC0-301F-11D3-BF4B-00C04F79EFBC}") = "homeWork4", "homeWork4\homeWork4.csproj", "{F8E9DAEA-BD4A-4287-ABB0-377C3C8E577F}"
EndProject
Global
	GlobalSection(SolutionConfigurationPlatforms) = preSolution
		Debug|Any CPU = Debug|Any CPU
		Release|Any CPU = Release|Any CPU
	EndGlobalSection
	GlobalSection(ProjectConfigurationPlatforms) = postSolution
		{535549F4-D5AC-42F6-8363-EB5FE912B211}.Debug|Any CPU.ActiveCfg = Debug|Any CPU
		{535549F4-D5AC-42F6-8363-EB5FE912B211}.Debug|Any CPU.Build.0 = Debug|Any CPU
		{535549F4-D5AC-42F6-8363-EB5FE912B211}.Release|Any CPU.ActiveCfg = Release|Any CPU
		{535549F4-D5AC-42F6-8363-EB5FE912B211}.Release|Any CPU.Build.0 = Release|Any CPU
		{A217C86F-6A11-4B25-B94F-E85FAA0049B7}.Debug|Any CPU.ActiveCfg = Debug|Any CPU
		{A217C86F-6A11-4B25-B94F-E85FAA0049B7}.Debug|Any CPU.Build.0 = Debug|Any CPU
		{A217C86F-6A11-4B25-B94F-E85FAA0049B7}.Release|Any CPU.ActiveCfg = Release|Any CPU
		{A217C86F-6A11-4B25-B94F-E85FAA0049B7}.Release|Any CPU.Build.0 = Release|Any CPU
		{1FCB4342-6892-4D39-A2AD-81675B2AEB85}.Debug|Any CPU.ActiveCfg = Debug|Any CPU
		{1FCB4342-6892-4D39-A2AD-81675B2AEB85}.Debug|Any CPU.Build.0 = Debug|Any CPU
		{1FCB4342-6892-4D39-A2AD-81675B2AEB85}.Release|Any CPU.ActiveCfg = Release|Any CPU
		{1FCB4342-6892-4D39-A2AD-81675B2AEB85}.Release|Any CPU.Build.0 = Release|Any CPU
		{F8E9DAEA-BD4A-4287-ABB0-377C3C8E577F}.Debug|Any CPU.ActiveCfg = Debug|Any CPU
		{F8E9DAEA-BD4A-4287-ABB0-377C3C8E577F}.Debug|Any CPU.Build.0 = Debug|Any CPU
		{F8E9DAEA-BD4A-4287-ABB0-377C3C8E577F}.Release|Any CPU.ActiveCfg = Release|Any CPU
		{F8E9DAEA-BD4A-4287-ABB0-377C3C8E577F}.Release|Any CPU.Build.0 = Release|Any CPU
	EndGlobalSection
	GlobalSection(SolutionProperties) = preSolution
		HideSolutionNode = FALSE
	EndGlobalSection
	GlobalSection(ExtensibilityGlobals) = postSolution
		SolutionGuid = {2D899F85-F8F3-4621-91B3-5E9F5A0090FF}
	EndGlobalSection
EndGlobal
